<?xml version="1.0" encoding="utf-8"?>
<Project ToolsVersion="4.0" xmlns="http://schemas.microsoft.com/developer/msbuild/2003">
  <ItemGroup>
    <Filter Include="win32">
      <UniqueIdentifier>{84a8ebd7-7cf0-47f6-b75e-d441df67da40}</UniqueIdentifier>
    </Filter>
    <Filter Include="resource">
      <UniqueIdentifier>{715254bc-d70b-4ec5-bf29-467dd3ace079}</UniqueIdentifier>
    </Filter>
    <Filter Include="src">
      <UniqueIdentifier>{bb6c862e-70e9-49d9-81b7-3829a6f50471}</UniqueIdentifier>
    </Filter>
    <Filter Include="src\大厅">
      <UniqueIdentifier>{f6bad03a-4182-49d2-92da-a236ece018b8}</UniqueIdentifier>
    </Filter>
    <Filter Include="src\大厅\大厅顶部">
      <UniqueIdentifier>{2387c797-f0ad-45a0-ba9f-ef0f6d8eff11}</UniqueIdentifier>
    </Filter>
    <Filter Include="src\功能">
      <UniqueIdentifier>{16e2f6d6-d952-4ae5-8aa8-ac70f5515d69}</UniqueIdentifier>
    </Filter>
    <Filter Include="src\功能\缩放菜单选项精灵">
      <UniqueIdentifier>{04714c84-fb43-4b55-8381-22df0d329fc1}</UniqueIdentifier>
    </Filter>
    <Filter Include="src\大厅\大厅中部">
      <UniqueIdentifier>{1f66aa40-e39c-407b-a203-f8907542cae2}</UniqueIdentifier>
    </Filter>
    <Filter Include="src\大厅\大厅底部">
      <UniqueIdentifier>{68bdac00-720f-4d85-ac19-33d39cab0894}</UniqueIdentifier>
    </Filter>
    <Filter Include="src\大厅\设置对话框">
      <UniqueIdentifier>{17578a6e-58d0-4097-ba02-d53b4bb1a12f}</UniqueIdentifier>
    </Filter>
    <Filter Include="src\大厅\规则对话框">
      <UniqueIdentifier>{0aaf6931-0e3a-4566-aaf3-df3dc4449586}</UniqueIdentifier>
    </Filter>
    <Filter Include="src\大厅\反馈对话框">
      <UniqueIdentifier>{1fe759cf-ee3f-473a-9e62-125b1582e2a5}</UniqueIdentifier>
    </Filter>
    <Filter Include="src\游戏">
      <UniqueIdentifier>{12ee7201-b1b4-45f4-9294-65e96edf1910}</UniqueIdentifier>
    </Filter>
    <Filter Include="src\游戏\游戏控制器">
      <UniqueIdentifier>{a7563c9b-2c3e-486b-8455-b31132cd12c5}</UniqueIdentifier>
    </Filter>
    <Filter Include="src\游戏\状态">
      <UniqueIdentifier>{9387b05a-8f94-488d-9fdf-fdd2903fe105}</UniqueIdentifier>
    </Filter>
    <Filter Include="src\游戏\状态\准备">
      <UniqueIdentifier>{53afa7b1-907e-46e4-9847-ca2a5881f871}</UniqueIdentifier>
    </Filter>
    <Filter Include="src\游戏\游戏场景">
      <UniqueIdentifier>{a64a8d82-69a4-4ca4-97ff-1980605911b3}</UniqueIdentifier>
    </Filter>
    <Filter Include="src\游戏\游戏场景\玩家层">
      <UniqueIdentifier>{f3b43077-04d2-47a9-b3a0-b5bbd5bdd61c}</UniqueIdentifier>
    </Filter>
    <Filter Include="src\游戏\玩家">
      <UniqueIdentifier>{58bb2ee5-93ef-4237-a91a-9577d7b380f8}</UniqueIdentifier>
    </Filter>
    <Filter Include="src\游戏\玩家\玩家头像">
      <UniqueIdentifier>{d9fb668c-f0fe-4c4d-91d0-8cc3ef70d841}</UniqueIdentifier>
    </Filter>
  </ItemGroup>
  <ItemGroup>
    <ClCompile Include="main.cpp">
      <Filter>win32</Filter>
    </ClCompile>
    <ClCompile Include="..\Classes\AppDelegate.cpp">
      <Filter>src</Filter>
    </ClCompile>
    <ClCompile Include="..\Classes\LobbyScene.cpp">
      <Filter>src\大厅</Filter>
    </ClCompile>
    <ClCompile Include="..\Classes\LobbySceneTop.cpp">
      <Filter>src\大厅\大厅顶部</Filter>
    </ClCompile>
    <ClCompile Include="..\Classes\EncodeUtil.cpp">
      <Filter>src\功能</Filter>
    </ClCompile>
    <ClCompile Include="..\Classes\ScalableMenuItemSprite.cpp">
      <Filter>src\功能\缩放菜单选项精灵</Filter>
    </ClCompile>
    <ClCompile Include="..\Classes\LobbySceneMiddle.cpp">
      <Filter>src\大厅\大厅中部</Filter>
    </ClCompile>
    <ClCompile Include="..\Classes\LobbySceneBottom.cpp">
      <Filter>src\大厅\大厅底部</Filter>
    </ClCompile>
    <ClCompile Include="..\Classes\MusicUtil.cpp">
      <Filter>src\功能</Filter>
    </ClCompile>
    <ClCompile Include="..\Classes\SetLayer.cpp">
      <Filter>src\大厅\设置对话框</Filter>
    </ClCompile>
    <ClCompile Include="..\Classes\RuleLayer.cpp">
      <Filter>src\大厅\规则对话框</Filter>
    </ClCompile>
    <ClCompile Include="..\Classes\CustomServiceLayer.cpp">
      <Filter>src\大厅\反馈对话框</Filter>
    </ClCompile>
    <ClCompile Include="..\Classes\GameController.cpp">
      <Filter>src\游戏\游戏控制器</Filter>
    </ClCompile>
    <ClCompile Include="..\Classes\State.cpp">
      <Filter>src\游戏\状态</Filter>
    </ClCompile>
    <ClCompile Include="..\Classes\ReadyState.cpp">
      <Filter>src\游戏\状态\准备</Filter>
    </ClCompile>
    <ClCompile Include="..\Classes\GameScene.cpp">
      <Filter>src\游戏\游戏场景</Filter>
    </ClCompile>
    <ClCompile Include="..\Classes\PlayerLayer.cpp">
      <Filter>src\游戏\游戏场景\玩家层</Filter>
    </ClCompile>
    <ClCompile Include="..\Classes\Player.cpp">
      <Filter>src\游戏\玩家</Filter>
    </ClCompile>
    <ClCompile Include="..\Classes\HeadImage.cpp">
      <Filter>src\游戏\玩家\玩家头像</Filter>
    </ClCompile>
  </ItemGroup>
  <ItemGroup>
    <ClInclude Include="main.h">
      <Filter>win32</Filter>
    </ClInclude>
    <ClInclude Include="..\Classes\AppDelegate.h">
      <Filter>src</Filter>
    </ClInclude>
    <ClInclude Include="..\Classes\LobbyScene.h">
      <Filter>src\大厅</Filter>
    </ClInclude>
    <ClInclude Include="..\Classes\LobbySceneTop.h">
      <Filter>src\大厅\大厅顶部</Filter>
    </ClInclude>
    <ClInclude Include="..\Classes\EncodeUtil.h">
      <Filter>src\功能</Filter>
    </ClInclude>
    <ClInclude Include="..\Classes\MacroUtil.h">
      <Filter>src\功能</Filter>
    </ClInclude>
    <ClInclude Include="..\Classes\Util.h">
      <Filter>src\功能</Filter>
    </ClInclude>
    <ClInclude Include="..\Classes\ScalableMenuItemSprite.h">
      <Filter>src\功能\缩放菜单选项精灵</Filter>
    </ClInclude>
    <ClInclude Include="..\Classes\LobbySceneMiddle.h">
      <Filter>src\大厅\大厅中部</Filter>
    </ClInclude>
    <ClInclude Include="..\Classes\LobbySceneBottom.h">
      <Filter>src\大厅\大厅底部</Filter>
    </ClInclude>
    <ClInclude Include="..\Classes\MusicUtil.h">
      <Filter>src\功能</Filter>
    </ClInclude>
    <ClInclude Include="..\Classes\Common.h">
      <Filter>src</Filter>
    </ClInclude>
    <ClInclude Include="..\Classes\SetLayer.h">
      <Filter>src\大厅\设置对话框</Filter>
    </ClInclude>
    <ClInclude Include="..\Classes\RuleLayer.h">
      <Filter>src\大厅\规则对话框</Filter>
    </ClInclude>
    <ClInclude Include="..\Classes\CustomServiceLayer.h">
      <Filter>src\大厅\反馈对话框</Filter>
    </ClInclude>
    <ClInclude Include="..\Classes\GameController.h">
      <Filter>src\游戏\游戏控制器</Filter>
    </ClInclude>
    <ClInclude Include="..\Classes\State.h">
      <Filter>src\游戏\状态</Filter>
    </ClInclude>
    <ClInclude Include="..\Classes\ReadyState.h">
      <Filter>src\游戏\状态\准备</Filter>
    </ClInclude>
    <ClInclude Include="..\Classes\GameScene.h">
      <Filter>src\游戏\游戏场景</Filter>
    </ClInclude>
    <ClInclude Include="..\Classes\PlayerLayer.h">
      <Filter>src\游戏\游戏场景\玩家层</Filter>
    </ClInclude>
    <ClInclude Include="..\Classes\Player.h">
      <Filter>src\游戏\玩家</Filter>
    </ClInclude>
    <ClInclude Include="..\Classes\HeadImage.h">
      <Filter>src\游戏\玩家\玩家头像</Filter>
    </ClInclude>
  </ItemGroup>
  <ItemGroup>
    <ResourceCompile Include="game.rc">
      <Filter>resource</Filter>
    </ResourceCompile>
  </ItemGroup>
  <ItemGroup>
    <None Include="..\cocos2d\cocos\ui\proj.win32\libui.vcxproj" />
  </ItemGroup>
</Project>